
Microsoft Visual Studio Solution File, Format Version 12.00
# Visual Studio Version 17
VisualStudioVersion = 17.10.35013.160
MinimumVisualStudioVersion = 10.0.40219.1
Project("{9A19103F-16F7-4668-BE54-9A1E7A4F7556}") = "DocumentProcessorAPI", "DocumentProcessorAPI\DocumentProcessorAPI.csproj", "{8F2BC4DB-3AE4-4036-AD50-5315D40FA30B}"
EndProject
Project("{9A19103F-16F7-4668-BE54-9A1E7A4F7556}") = "DocumentProcessorDB", "DocumentProcessorDB\DocumentProcessorDB.csproj", "{9ACAF316-40CD-4915-9374-18872DAAC722}"
EndProject
Project("{FAE04EC0-301F-11D3-BF4B-00C04F79EFBC}") = "WorkerServie", "WorkerServieStructure\WorkerServie.csproj", "{18C298AA-82BF-46B1-BCA2-759459D246E9}"
EndProject
Global
	GlobalSection(SolutionConfigurationPlatforms) = preSolution
		Debug|Any CPU = Debug|Any CPU
		Release|Any CPU = Release|Any CPU
	EndGlobalSection
	GlobalSection(ProjectConfigurationPlatforms) = postSolution
		{8F2BC4DB-3AE4-4036-AD50-5315D40FA30B}.Debug|Any CPU.ActiveCfg = Debug|Any CPU
		{8F2BC4DB-3AE4-4036-AD50-5315D40FA30B}.Debug|Any CPU.Build.0 = Debug|Any CPU
		{8F2BC4DB-3AE4-4036-AD50-5315D40FA30B}.Release|Any CPU.ActiveCfg = Release|Any CPU
		{8F2BC4DB-3AE4-4036-AD50-5315D40FA30B}.Release|Any CPU.Build.0 = Release|Any CPU
		{9ACAF316-40CD-4915-9374-18872DAAC722}.Debug|Any CPU.ActiveCfg = Debug|Any CPU
		{9ACAF316-40CD-4915-9374-18872DAAC722}.Debug|Any CPU.Build.0 = Debug|Any CPU
		{9ACAF316-40CD-4915-9374-18872DAAC722}.Release|Any CPU.ActiveCfg = Release|Any CPU
		{9ACAF316-40CD-4915-9374-18872DAAC722}.Release|Any CPU.Build.0 = Release|Any CPU
		{18C298AA-82BF-46B1-BCA2-759459D246E9}.Debug|Any CPU.ActiveCfg = Debug|Any CPU
		{18C298AA-82BF-46B1-BCA2-759459D246E9}.Debug|Any CPU.Build.0 = Debug|Any CPU
		{18C298AA-82BF-46B1-BCA2-759459D246E9}.Release|Any CPU.ActiveCfg = Release|Any CPU
		{18C298AA-82BF-46B1-BCA2-759459D246E9}.Release|Any CPU.Build.0 = Release|Any CPU
	EndGlobalSection
	GlobalSection(SolutionProperties) = preSolution
		HideSolutionNode = FALSE
	EndGlobalSection
	GlobalSection(ExtensibilityGlobals) = postSolution
		SolutionGuid = {CDE64AB7-5161-4409-B5E3-12BE9FE9B8B2}
	EndGlobalSection
EndGlobal
